// !$*UTF8*$!
{
	archiveVersion = 1;
	classes = {
	};
	objectVersion = 48;
	objects = {

/* Begin PBXBuildFile section */
		3F29DEEF1FA64DC40079BAB5 /* trapezium.cpp in Sources */ = {isa = PBXBuildFile; fileRef = 3F29DEED1FA64DC40079BAB5 /* trapezium.cpp */; };
		3FD4D97D1FA0CAC90013B32B /* main.cpp in Sources */ = {isa = PBXBuildFile; fileRef = 3FD4D97C1FA0CAC90013B32B /* main.cpp */; };
		3FD4D9851FA0CAEC0013B32B /* shape.cpp in Sources */ = {isa = PBXBuildFile; fileRef = 3FD4D9831FA0CAEC0013B32B /* shape.cpp */; };
		3FD4D9881FA0CCFF0013B32B /* square.cpp in Sources */ = {isa = PBXBuildFile; fileRef = 3FD4D9861FA0CCFF0013B32B /* square.cpp */; };
		3FD4D98B1FA0CD0D0013B32B /* circle.cpp in Sources */ = {isa = PBXBuildFile; fileRef = 3FD4D9891FA0CD0D0013B32B /* circle.cpp */; };
/* End PBXBuildFile section */

/* Begin PBXCopyFilesBuildPhase section */
		3FD4D9771FA0CAC90013B32B /* CopyFiles */ = {
			isa = PBXCopyFilesBuildPhase;
			buildActionMask = 2147483647;
			dstPath = /usr/share/man/man1/;
			dstSubfolderSpec = 0;
			files = (
			);
			runOnlyForDeploymentPostprocessing = 1;
		};
/* End PBXCopyFilesBuildPhase section */

/* Begin PBXFileReference section */
		3F29DEED1FA64DC40079BAB5 /* trapezium.cpp */ = {isa = PBXFileReference; lastKnownFileType = sourcecode.cpp.cpp; path = trapezium.cpp; sourceTree = "<group>"; };
		3F29DEEE1FA64DC40079BAB5 /* trapezium.hpp */ = {isa = PBXFileReference; lastKnownFileType = sourcecode.cpp.h; path = trapezium.hpp; sourceTree = "<group>"; };
		3FD4D9791FA0CAC90013B32B /* pole figury */ = {isa = PBXFileReference; explicitFileType = "compiled.mach-o.executable"; includeInIndex = 0; path = "pole figury"; sourceTree = BUILT_PRODUCTS_DIR; };
		3FD4D97C1FA0CAC90013B32B /* main.cpp */ = {isa = PBXFileReference; lastKnownFileType = sourcecode.cpp.cpp; path = main.cpp; sourceTree = "<group>"; };
		3FD4D9831FA0CAEC0013B32B /* shape.cpp */ = {isa = PBXFileReference; lastKnownFileType = sourcecode.cpp.cpp; path = shape.cpp; sourceTree = "<group>"; };
		3FD4D9841FA0CAEC0013B32B /* shape.hpp */ = {isa = PBXFileReference; lastKnownFileType = sourcecode.cpp.h; path = shape.hpp; sourceTree = "<group>"; };
		3FD4D9861FA0CCFF0013B32B /* square.cpp */ = {isa = PBXFileReference; lastKnownFileType = sourcecode.cpp.cpp; path = square.cpp; sourceTree = "<group>"; };
		3FD4D9871FA0CCFF0013B32B /* square.hpp */ = {isa = PBXFileReference; lastKnownFileType = sourcecode.cpp.h; path = square.hpp; sourceTree = "<group>"; };
		3FD4D9891FA0CD0D0013B32B /* circle.cpp */ = {isa = PBXFileReference; lastKnownFileType = sourcecode.cpp.cpp; path = circle.cpp; sourceTree = "<group>"; };
		3FD4D98A1FA0CD0D0013B32B /* circle.hpp */ = {isa = PBXFileReference; lastKnownFileType = sourcecode.cpp.h; path = circle.hpp; sourceTree = "<group>"; };
/* End PBXFileReference section */

/* Begin PBXFrameworksBuildPhase section */
		3FD4D9761FA0CAC90013B32B /* Frameworks */ = {
			isa = PBXFrameworksBuildPhase;
			buildActionMask = 2147483647;
			files = (
			);
			runOnlyForDeploymentPostprocessing = 0;
		};
/* End PBXFrameworksBuildPhase section */

/* Begin PBXGroup section */
		3FD4D9701FA0CAC90013B32B = {
			isa = PBXGroup;
			children = (
				3FD4D97B1FA0CAC90013B32B /* pole figury */,
				3FD4D97A1FA0CAC90013B32B /* Products */,
			);
			sourceTree = "<group>";
		};
		3FD4D97A1FA0CAC90013B32B /* Products */ = {
			isa = PBXGroup;
			children = (
				3FD4D9791FA0CAC90013B32B /* pole figury */,
			);
			name = Products;
			sourceTree = "<group>";
		};
		3FD4D97B1FA0CAC90013B32B /* pole figury */ = {
			isa = PBXGroup;
			children = (
				3FD4D97C1FA0CAC90013B32B /* main.cpp */,
				3FD4D9831FA0CAEC0013B32B /* shape.cpp */,
				3FD4D9841FA0CAEC0013B32B /* shape.hpp */,
				3F29DEED1FA64DC40079BAB5 /* trapezium.cpp */,
				3F29DEEE1FA64DC40079BAB5 /* trapezium.hpp */,
				3FD4D9861FA0CCFF0013B32B /* square.cpp */,
				3FD4D9871FA0CCFF0013B32B /* square.hpp */,
				3FD4D9891FA0CD0D0013B32B /* circle.cpp */,
				3FD4D98A1FA0CD0D0013B32B /* circle.hpp */,
			);
			path = "pole figury";
			sourceTree = "<group>";
		};
/* End PBXGroup section */

/* Begin PBXNativeTarget section */
		3FD4D9781FA0CAC90013B32B /* pole figury */ = {
			isa = PBXNativeTarget;
			buildConfigurationList = 3FD4D9801FA0CAC90013B32B /* Build configuration list for PBXNativeTarget "pole figury" */;
			buildPhases = (
				3FD4D9751FA0CAC90013B32B /* Sources */,
				3FD4D9761FA0CAC90013B32B /* Frameworks */,
				3FD4D9771FA0CAC90013B32B /* CopyFiles */,
			);
			buildRules = (
			);
			dependencies = (
			);
			name = "pole figury";
			productName = "pole figury";
			productReference = 3FD4D9791FA0CAC90013B32B /* pole figury */;
			productType = "com.apple.product-type.tool";
		};
/* End PBXNativeTarget section */

/* Begin PBXProject section */
		3FD4D9711FA0CAC90013B32B /* Project object */ = {
			isa = PBXProject;
			attributes = {
				LastUpgradeCheck = 0900;
				ORGANIZATIONNAME = Zuzinka;
				TargetAttributes = {
					3FD4D9781FA0CAC90013B32B = {
						CreatedOnToolsVersion = 9.0.1;
						ProvisioningStyle = Automatic;
					};
				};
			};
			buildConfigurationList = 3FD4D9741FA0CAC90013B32B /* Build configuration list for PBXProject "pole figury" */;
			compatibilityVersion = "Xcode 8.0";
			developmentRegion = en;
			hasScannedForEncodings = 0;
			knownRegions = (
				en,
			);
			mainGroup = 3FD4D9701FA0CAC90013B32B;
			productRefGroup = 3FD4D97A1FA0CAC90013B32B /* Products */;
			projectDirPath = "";
			projectRoot = "";
			targets = (
				3FD4D9781FA0CAC90013B32B /* pole figury */,
			);
		};
/* End PBXProject section */

/* Begin PBXSourcesBuildPhase section */
		3FD4D9751FA0CAC90013B32B /* Sources */ = {
			isa = PBXSourcesBuildPhase;
			buildActionMask = 2147483647;
			files = (
				3FD4D97D1FA0CAC90013B32B /* main.cpp in Sources */,
				3FD4D98B1FA0CD0D0013B32B /* circle.cpp in Sources */,
				3F29DEEF1FA64DC40079BAB5 /* trapezium.cpp in Sources */,
				3FD4D9881FA0CCFF0013B32B /* square.cpp in Sources */,
				3FD4D9851FA0CAEC0013B32B /* shape.cpp in Sources */,
			);
			runOnlyForDeploymentPostprocessing = 0;
		};
/* End PBXSourcesBuildPhase section */

/* Begin XCBuildConfiguration section */
		3FD4D97E1FA0CAC90013B32B /* Debug */ = {
			isa = XCBuildConfiguration;
			buildSettings = {
				ALWAYS_SEARCH_USER_PATHS = NO;
				CLANG_ANALYZER_NONNULL = YES;
				CLANG_ANALYZER_NUMBER_OBJECT_CONVERSION = YES_AGGRESSIVE;
				CLANG_CXX_LANGUAGE_STANDARD = "gnu++14";
				CLANG_CXX_LIBRARY = "libc++";
				CLANG_ENABLE_MODULES = YES;
				CLANG_ENABLE_OBJC_ARC = YES;
				CLANG_WARN_BLOCK_CAPTURE_AUTORELEASING = YES;
				CLANG_WARN_BOOL_CONVERSION = YES;
				CLANG_WARN_COMMA = YES;
				CLANG_WARN_CONSTANT_CONVERSION = YES;
				CLANG_WARN_DIRECT_OBJC_ISA_USAGE = YES_ERROR;
				CLANG_WARN_DOCUMENTATION_COMMENTS = YES;
				CLANG_WARN_EMPTY_BODY = YES;
				CLANG_WARN_ENUM_CONVERSION = YES;
				CLANG_WARN_INFINITE_RECURSION = YES;
				CLANG_WARN_INT_CONVERSION = YES;
				CLANG_WARN_NON_LITERAL_NULL_CONVERSION = YES;
				CLANG_WARN_OBJC_LITERAL_CONVERSION = YES;
				CLANG_WARN_OBJC_ROOT_CLASS = YES_ERROR;
				CLANG_WARN_RANGE_LOOP_ANALYSIS = YES;
				CLANG_WARN_STRICT_PROTOTYPES = YES;
				CLANG_WARN_SUSPICIOUS_MOVE = YES;
				CLANG_WARN_UNGUARDED_AVAILABILITY = YES_AGGRESSIVE;
				CLANG_WARN_UNREACHABLE_CODE = YES;
				CLANG_WARN__DUPLICATE_METHOD_MATCH = YES;
				CODE_SIGN_IDENTITY = "-";
				COPY_PHASE_STRIP = NO;
				DEBUG_INFORMATION_FORMAT = dwarf;
				ENABLE_STRICT_OBJC_MSGSEND = YES;
				ENABLE_TESTABILITY = YES;
				GCC_C_LANGUAGE_STANDARD = gnu11;
				GCC_DYNAMIC_NO_PIC = NO;
				GCC_NO_COMMON_BLOCKS = YES;
				GCC_OPTIMIZATION_LEVEL = 0;
				GCC_PREPROCESSOR_DEFINITIONS = (
					"DEBUG=1",
					"$(inherited)",
				);
				GCC_WARN_64_TO_32_BIT_CONVERSION = YES;
				GCC_WARN_ABOUT_RETURN_TYPE = YES_ERROR;
				GCC_WARN_UNDECLARED_SELECTOR = YES;
				GCC_WARN_UNINITIALIZED_AUTOS = YES_AGGRESSIVE;
				GCC_WARN_UNUSED_FUNCTION = YES;
				GCC_WARN_UNUSED_VARIABLE = YES;
				MACOSX_DEPLOYMENT_TARGET = 10.12;
				MTL_ENABLE_DEBUG_INFO = YES;
				ONLY_ACTIVE_ARCH = YES;
				SDKROOT = macosx;
			};
			name = Debug;
		};
		3FD4D97F1FA0CAC90013B32B /* Release */ = {
			isa = XCBuildConfiguration;
			buildSettings = {
				ALWAYS_SEARCH_USER_PATHS = NO;
				CLANG_ANALYZER_NONNULL = YES;
				CLANG_ANALYZER_NUMBER_OBJECT_CONVERSION = YES_AGGRESSIVE;
				CLANG_CXX_LANGUAGE_STANDARD = "gnu++14";
				CLANG_CXX_LIBRARY = "libc++";
				CLANG_ENABLE_MODULES = YES;
				CLANG_ENABLE_OBJC_ARC = YES;
				CLANG_WARN_BLOCK_CAPTURE_AUTORELEASING = YES;
				CLANG_WARN_BOOL_CONVERSION = YES;
				CLANG_WARN_COMMA = YES;
				CLANG_WARN_CONSTANT_CONVERSION = YES;
				CLANG_WARN_DIRECT_OBJC_ISA_USAGE = YES_ERROR;
				CLANG_WARN_DOCUMENTATION_COMMENTS = YES;
				CLANG_WARN_EMPTY_BODY = YES;
				CLANG_WARN_ENUM_CONVERSION = YES;
				CLANG_WARN_INFINITE_RECURSION = YES;
				CLANG_WARN_INT_CONVERSION = YES;
				CLANG_WARN_NON_LITERAL_NULL_CONVERSION = YES;
				CLANG_WARN_OBJC_LITERAL_CONVERSION = YES;
				CLANG_WARN_OBJC_ROOT_CLASS = YES_ERROR;
				CLANG_WARN_RANGE_LOOP_ANALYSIS = YES;
				CLANG_WARN_STRICT_PROTOTYPES = YES;
				CLANG_WARN_SUSPICIOUS_MOVE = YES;
				CLANG_WARN_UNGUARDED_AVAILABILITY = YES_AGGRESSIVE;
				CLANG_WARN_UNREACHABLE_CODE = YES;
				CLANG_WARN__DUPLICATE_METHOD_MATCH = YES;
				CODE_SIGN_IDENTITY = "-";
				COPY_PHASE_STRIP = NO;
				DEBUG_INFORMATION_FORMAT = "dwarf-with-dsym";
				ENABLE_NS_ASSERTIONS = NO;
				ENABLE_STRICT_OBJC_MSGSEND = YES;
				GCC_C_LANGUAGE_STANDARD = gnu11;
				GCC_NO_COMMON_BLOCKS = YES;
				GCC_WARN_64_TO_32_BIT_CONVERSION = YES;
				GCC_WARN_ABOUT_RETURN_TYPE = YES_ERROR;
				GCC_WARN_UNDECLARED_SELECTOR = YES;
				GCC_WARN_UNINITIALIZED_AUTOS = YES_AGGRESSIVE;
				GCC_WARN_UNUSED_FUNCTION = YES;
				GCC_WARN_UNUSED_VARIABLE = YES;
				MACOSX_DEPLOYMENT_TARGET = 10.12;
				MTL_ENABLE_DEBUG_INFO = NO;
				SDKROOT = macosx;
			};
			name = Release;
		};
		3FD4D9811FA0CAC90013B32B /* Debug */ = {
			isa = XCBuildConfiguration;
			buildSettings = {
				CODE_SIGN_STYLE = Automatic;
				PRODUCT_NAME = "$(TARGET_NAME)";
			};
			name = Debug;
		};
		3FD4D9821FA0CAC90013B32B /* Release */ = {
			isa = XCBuildConfiguration;
			buildSettings = {
				CODE_SIGN_STYLE = Automatic;
				PRODUCT_NAME = "$(TARGET_NAME)";
			};
			name = Release;
		};
/* End XCBuildConfiguration section */

/* Begin XCConfigurationList section */
		3FD4D9741FA0CAC90013B32B /* Build configuration list for PBXProject "pole figury" */ = {
			isa = XCConfigurationList;
			buildConfigurations = (
				3FD4D97E1FA0CAC90013B32B /* Debug */,
				3FD4D97F1FA0CAC90013B32B /* Release */,
			);
			defaultConfigurationIsVisible = 0;
			defaultConfigurationName = Release;
		};
		3FD4D9801FA0CAC90013B32B /* Build configuration list for PBXNativeTarget "pole figury" */ = {
			isa = XCConfigurationList;
			buildConfigurations = (
				3FD4D9811FA0CAC90013B32B /* Debug */,
				3FD4D9821FA0CAC90013B32B /* Release */,
			);
			defaultConfigurationIsVisible = 0;
			defaultConfigurationName = Release;
		};
/* End XCConfigurationList section */
	};
	rootObject = 3FD4D9711FA0CAC90013B32B /* Project object */;
}
