// !$*UTF8*$!
{
	archiveVersion = 1;
	classes = {
	};
	objectVersion = 48;
	objects = {

/* Begin PBXBuildFile section */
		3F877B301F97898300F5A560 /* main.cpp in Sources */ = {isa = PBXBuildFile; fileRef = 3F877B2F1F97898300F5A560 /* main.cpp */; };
		3F877B381F9789A100F5A560 /* zwierze.cpp in Sources */ = {isa = PBXBuildFile; fileRef = 3F877B361F9789A100F5A560 /* zwierze.cpp */; };
		3F877B3E1F97968600F5A560 /* kot.cpp in Sources */ = {isa = PBXBuildFile; fileRef = 3F877B3C1F97968600F5A560 /* kot.cpp */; };
/* End PBXBuildFile section */

/* Begin PBXCopyFilesBuildPhase section */
		3F877B2A1F97898300F5A560 /* CopyFiles */ = {
			isa = PBXCopyFilesBuildPhase;
			buildActionMask = 2147483647;
			dstPath = /usr/share/man/man1/;
			dstSubfolderSpec = 0;
			files = (
			);
			runOnlyForDeploymentPostprocessing = 1;
		};
/* End PBXCopyFilesBuildPhase section */

/* Begin PBXFileReference section */
		3F877B2C1F97898300F5A560 /* baza zwierząt */ = {isa = PBXFileReference; explicitFileType = "compiled.mach-o.executable"; includeInIndex = 0; path = "baza zwierząt"; sourceTree = BUILT_PRODUCTS_DIR; };
		3F877B2F1F97898300F5A560 /* main.cpp */ = {isa = PBXFileReference; indentWidth = 2; lastKnownFileType = sourcecode.cpp.cpp; path = main.cpp; sourceTree = "<group>"; tabWidth = 2; };
		3F877B361F9789A100F5A560 /* zwierze.cpp */ = {isa = PBXFileReference; indentWidth = 2; lastKnownFileType = sourcecode.cpp.cpp; path = zwierze.cpp; sourceTree = "<group>"; tabWidth = 2; };
		3F877B371F9789A100F5A560 /* zwierze.hpp */ = {isa = PBXFileReference; indentWidth = 2; lastKnownFileType = sourcecode.cpp.h; path = zwierze.hpp; sourceTree = "<group>"; tabWidth = 2; };
		3F877B3C1F97968600F5A560 /* kot.cpp */ = {isa = PBXFileReference; indentWidth = 2; lastKnownFileType = sourcecode.cpp.cpp; path = kot.cpp; sourceTree = "<group>"; tabWidth = 2; };
		3F877B3D1F97968600F5A560 /* kot.hpp */ = {isa = PBXFileReference; indentWidth = 2; lastKnownFileType = sourcecode.cpp.h; path = kot.hpp; sourceTree = "<group>"; tabWidth = 2; };
/* End PBXFileReference section */

/* Begin PBXFrameworksBuildPhase section */
		3F877B291F97898300F5A560 /* Frameworks */ = {
			isa = PBXFrameworksBuildPhase;
			buildActionMask = 2147483647;
			files = (
			);
			runOnlyForDeploymentPostprocessing = 0;
		};
/* End PBXFrameworksBuildPhase section */

/* Begin PBXGroup section */
		3F877B231F97898300F5A560 = {
			isa = PBXGroup;
			children = (
				3F877B2E1F97898300F5A560 /* baza zwierząt */,
				3F877B2D1F97898300F5A560 /* Products */,
			);
			sourceTree = "<group>";
		};
		3F877B2D1F97898300F5A560 /* Products */ = {
			isa = PBXGroup;
			children = (
				3F877B2C1F97898300F5A560 /* baza zwierząt */,
			);
			name = Products;
			sourceTree = "<group>";
		};
		3F877B2E1F97898300F5A560 /* baza zwierząt */ = {
			isa = PBXGroup;
			children = (
				3F877B2F1F97898300F5A560 /* main.cpp */,
				3F877B3C1F97968600F5A560 /* kot.cpp */,
				3F877B3D1F97968600F5A560 /* kot.hpp */,
				3F877B361F9789A100F5A560 /* zwierze.cpp */,
				3F877B371F9789A100F5A560 /* zwierze.hpp */,
			);
			path = "baza zwierząt";
			sourceTree = "<group>";
		};
/* End PBXGroup section */

/* Begin PBXNativeTarget section */
		3F877B2B1F97898300F5A560 /* baza zwierząt */ = {
			isa = PBXNativeTarget;
			buildConfigurationList = 3F877B331F97898300F5A560 /* Build configuration list for PBXNativeTarget "baza zwierząt" */;
			buildPhases = (
				3F877B281F97898300F5A560 /* Sources */,
				3F877B291F97898300F5A560 /* Frameworks */,
				3F877B2A1F97898300F5A560 /* CopyFiles */,
			);
			buildRules = (
			);
			dependencies = (
			);
			name = "baza zwierząt";
			productName = "baza zwierząt";
			productReference = 3F877B2C1F97898300F5A560 /* baza zwierząt */;
			productType = "com.apple.product-type.tool";
		};
/* End PBXNativeTarget section */

/* Begin PBXProject section */
		3F877B241F97898300F5A560 /* Project object */ = {
			isa = PBXProject;
			attributes = {
				LastUpgradeCheck = 0900;
				ORGANIZATIONNAME = Zuzinka;
				TargetAttributes = {
					3F877B2B1F97898300F5A560 = {
						CreatedOnToolsVersion = 9.0;
						ProvisioningStyle = Automatic;
					};
				};
			};
			buildConfigurationList = 3F877B271F97898300F5A560 /* Build configuration list for PBXProject "baza zwierząt" */;
			compatibilityVersion = "Xcode 8.0";
			developmentRegion = en;
			hasScannedForEncodings = 0;
			knownRegions = (
				en,
			);
			mainGroup = 3F877B231F97898300F5A560;
			productRefGroup = 3F877B2D1F97898300F5A560 /* Products */;
			projectDirPath = "";
			projectRoot = "";
			targets = (
				3F877B2B1F97898300F5A560 /* baza zwierząt */,
			);
		};
/* End PBXProject section */

/* Begin PBXSourcesBuildPhase section */
		3F877B281F97898300F5A560 /* Sources */ = {
			isa = PBXSourcesBuildPhase;
			buildActionMask = 2147483647;
			files = (
				3F877B381F9789A100F5A560 /* zwierze.cpp in Sources */,
				3F877B3E1F97968600F5A560 /* kot.cpp in Sources */,
				3F877B301F97898300F5A560 /* main.cpp in Sources */,
			);
			runOnlyForDeploymentPostprocessing = 0;
		};
/* End PBXSourcesBuildPhase section */

/* Begin XCBuildConfiguration section */
		3F877B311F97898300F5A560 /* Debug */ = {
			isa = XCBuildConfiguration;
			buildSettings = {
				ALWAYS_SEARCH_USER_PATHS = NO;
				CLANG_ANALYZER_NONNULL = YES;
				CLANG_ANALYZER_NUMBER_OBJECT_CONVERSION = YES_AGGRESSIVE;
				CLANG_CXX_LANGUAGE_STANDARD = "gnu++14";
				CLANG_CXX_LIBRARY = "libc++";
				CLANG_ENABLE_MODULES = YES;
				CLANG_ENABLE_OBJC_ARC = YES;
				CLANG_WARN_BLOCK_CAPTURE_AUTORELEASING = YES;
				CLANG_WARN_BOOL_CONVERSION = YES;
				CLANG_WARN_COMMA = YES;
				CLANG_WARN_CONSTANT_CONVERSION = YES;
				CLANG_WARN_DIRECT_OBJC_ISA_USAGE = YES_ERROR;
				CLANG_WARN_DOCUMENTATION_COMMENTS = YES;
				CLANG_WARN_EMPTY_BODY = YES;
				CLANG_WARN_ENUM_CONVERSION = YES;
				CLANG_WARN_INFINITE_RECURSION = YES;
				CLANG_WARN_INT_CONVERSION = YES;
				CLANG_WARN_NON_LITERAL_NULL_CONVERSION = YES;
				CLANG_WARN_OBJC_LITERAL_CONVERSION = YES;
				CLANG_WARN_OBJC_ROOT_CLASS = YES_ERROR;
				CLANG_WARN_RANGE_LOOP_ANALYSIS = YES;
				CLANG_WARN_STRICT_PROTOTYPES = YES;
				CLANG_WARN_SUSPICIOUS_MOVE = YES;
				CLANG_WARN_UNGUARDED_AVAILABILITY = YES_AGGRESSIVE;
				CLANG_WARN_UNREACHABLE_CODE = YES;
				CLANG_WARN__DUPLICATE_METHOD_MATCH = YES;
				CODE_SIGN_IDENTITY = "-";
				COPY_PHASE_STRIP = NO;
				DEBUG_INFORMATION_FORMAT = dwarf;
				ENABLE_STRICT_OBJC_MSGSEND = YES;
				ENABLE_TESTABILITY = YES;
				GCC_C_LANGUAGE_STANDARD = gnu11;
				GCC_DYNAMIC_NO_PIC = NO;
				GCC_NO_COMMON_BLOCKS = YES;
				GCC_OPTIMIZATION_LEVEL = 0;
				GCC_PREPROCESSOR_DEFINITIONS = (
					"DEBUG=1",
					"$(inherited)",
				);
				GCC_WARN_64_TO_32_BIT_CONVERSION = YES;
				GCC_WARN_ABOUT_RETURN_TYPE = YES_ERROR;
				GCC_WARN_UNDECLARED_SELECTOR = YES;
				GCC_WARN_UNINITIALIZED_AUTOS = YES_AGGRESSIVE;
				GCC_WARN_UNUSED_FUNCTION = YES;
				GCC_WARN_UNUSED_VARIABLE = YES;
				MACOSX_DEPLOYMENT_TARGET = 10.12;
				MTL_ENABLE_DEBUG_INFO = YES;
				ONLY_ACTIVE_ARCH = YES;
				SDKROOT = macosx;
			};
			name = Debug;
		};
		3F877B321F97898300F5A560 /* Release */ = {
			isa = XCBuildConfiguration;
			buildSettings = {
				ALWAYS_SEARCH_USER_PATHS = NO;
				CLANG_ANALYZER_NONNULL = YES;
				CLANG_ANALYZER_NUMBER_OBJECT_CONVERSION = YES_AGGRESSIVE;
				CLANG_CXX_LANGUAGE_STANDARD = "gnu++14";
				CLANG_CXX_LIBRARY = "libc++";
				CLANG_ENABLE_MODULES = YES;
				CLANG_ENABLE_OBJC_ARC = YES;
				CLANG_WARN_BLOCK_CAPTURE_AUTORELEASING = YES;
				CLANG_WARN_BOOL_CONVERSION = YES;
				CLANG_WARN_COMMA = YES;
				CLANG_WARN_CONSTANT_CONVERSION = YES;
				CLANG_WARN_DIRECT_OBJC_ISA_USAGE = YES_ERROR;
				CLANG_WARN_DOCUMENTATION_COMMENTS = YES;
				CLANG_WARN_EMPTY_BODY = YES;
				CLANG_WARN_ENUM_CONVERSION = YES;
				CLANG_WARN_INFINITE_RECURSION = YES;
				CLANG_WARN_INT_CONVERSION = YES;
				CLANG_WARN_NON_LITERAL_NULL_CONVERSION = YES;
				CLANG_WARN_OBJC_LITERAL_CONVERSION = YES;
				CLANG_WARN_OBJC_ROOT_CLASS = YES_ERROR;
				CLANG_WARN_RANGE_LOOP_ANALYSIS = YES;
				CLANG_WARN_STRICT_PROTOTYPES = YES;
				CLANG_WARN_SUSPICIOUS_MOVE = YES;
				CLANG_WARN_UNGUARDED_AVAILABILITY = YES_AGGRESSIVE;
				CLANG_WARN_UNREACHABLE_CODE = YES;
				CLANG_WARN__DUPLICATE_METHOD_MATCH = YES;
				CODE_SIGN_IDENTITY = "-";
				COPY_PHASE_STRIP = NO;
				DEBUG_INFORMATION_FORMAT = "dwarf-with-dsym";
				ENABLE_NS_ASSERTIONS = NO;
				ENABLE_STRICT_OBJC_MSGSEND = YES;
				GCC_C_LANGUAGE_STANDARD = gnu11;
				GCC_NO_COMMON_BLOCKS = YES;
				GCC_WARN_64_TO_32_BIT_CONVERSION = YES;
				GCC_WARN_ABOUT_RETURN_TYPE = YES_ERROR;
				GCC_WARN_UNDECLARED_SELECTOR = YES;
				GCC_WARN_UNINITIALIZED_AUTOS = YES_AGGRESSIVE;
				GCC_WARN_UNUSED_FUNCTION = YES;
				GCC_WARN_UNUSED_VARIABLE = YES;
				MACOSX_DEPLOYMENT_TARGET = 10.12;
				MTL_ENABLE_DEBUG_INFO = NO;
				SDKROOT = macosx;
			};
			name = Release;
		};
		3F877B341F97898300F5A560 /* Debug */ = {
			isa = XCBuildConfiguration;
			buildSettings = {
				CODE_SIGN_STYLE = Automatic;
				PRODUCT_NAME = "$(TARGET_NAME)";
			};
			name = Debug;
		};
		3F877B351F97898300F5A560 /* Release */ = {
			isa = XCBuildConfiguration;
			buildSettings = {
				CODE_SIGN_STYLE = Automatic;
				PRODUCT_NAME = "$(TARGET_NAME)";
			};
			name = Release;
		};
/* End XCBuildConfiguration section */

/* Begin XCConfigurationList section */
		3F877B271F97898300F5A560 /* Build configuration list for PBXProject "baza zwierząt" */ = {
			isa = XCConfigurationList;
			buildConfigurations = (
				3F877B311F97898300F5A560 /* Debug */,
				3F877B321F97898300F5A560 /* Release */,
			);
			defaultConfigurationIsVisible = 0;
			defaultConfigurationName = Release;
		};
		3F877B331F97898300F5A560 /* Build configuration list for PBXNativeTarget "baza zwierząt" */ = {
			isa = XCConfigurationList;
			buildConfigurations = (
				3F877B341F97898300F5A560 /* Debug */,
				3F877B351F97898300F5A560 /* Release */,
			);
			defaultConfigurationIsVisible = 0;
			defaultConfigurationName = Release;
		};
/* End XCConfigurationList section */
	};
	rootObject = 3F877B241F97898300F5A560 /* Project object */;
}
